
Microsoft Visual Studio Solution File, Format Version 12.00
# Visual Studio 15
VisualStudioVersion = 15.0.28307.960
MinimumVisualStudioVersion = 10.0.40219.1
Project("{FAE04EC0-301F-11D3-BF4B-00C04F79EFBC}") = "Kachestvo", "Kachestvo\Kachestvo.csproj", "{75C368B2-9910-400C-AB3F-7954D9CFE31A}"
EndProject
Global
	GlobalSection(SolutionConfigurationPlatforms) = preSolution
		Debug|Any CPU = Debug|Any CPU
		Release|Any CPU = Release|Any CPU
	EndGlobalSection
	GlobalSection(ProjectConfigurationPlatforms) = postSolution
		{75C368B2-9910-400C-AB3F-7954D9CFE31A}.Debug|Any CPU.ActiveCfg = Debug|Any CPU
		{75C368B2-9910-400C-AB3F-7954D9CFE31A}.Debug|Any CPU.Build.0 = Debug|Any CPU
		{75C368B2-9910-400C-AB3F-7954D9CFE31A}.Release|Any CPU.ActiveCfg = Release|Any CPU
		{75C368B2-9910-400C-AB3F-7954D9CFE31A}.Release|Any CPU.Build.0 = Release|Any CPU
	EndGlobalSection
	GlobalSection(SolutionProperties) = preSolution
		HideSolutionNode = FALSE
	EndGlobalSection
	GlobalSection(ExtensibilityGlobals) = postSolution
		SolutionGuid = {D64B0115-6089-43C8-88D8-0393FA70168D}
	EndGlobalSection
EndGlobal
